
Microsoft Visual Studio Solution File, Format Version 12.00
# Visual Studio Version 16
VisualStudioVersion = 16.0.30907.101
MinimumVisualStudioVersion = 10.0.40219.1
Project("{FAE04EC0-301F-11D3-BF4B-00C04F79EFBC}") = "Timer", "Timer.csproj", "{18BE2B43-C999-4E4C-A548-39EDF4FBFB4E}"
EndProject
Global
	GlobalSection(SolutionConfigurationPlatforms) = preSolution
		Debug|Any CPU = Debug|Any CPU
		Release|Any CPU = Release|Any CPU
	EndGlobalSection
	GlobalSection(ProjectConfigurationPlatforms) = postSolution
		{18BE2B43-C999-4E4C-A548-39EDF4FBFB4E}.Debug|Any CPU.ActiveCfg = Debug|Any CPU
		{18BE2B43-C999-4E4C-A548-39EDF4FBFB4E}.Debug|Any CPU.Build.0 = Debug|Any CPU
		{18BE2B43-C999-4E4C-A548-39EDF4FBFB4E}.Release|Any CPU.ActiveCfg = Release|Any CPU
		{18BE2B43-C999-4E4C-A548-39EDF4FBFB4E}.Release|Any CPU.Build.0 = Release|Any CPU
	EndGlobalSection
	GlobalSection(SolutionProperties) = preSolution
		HideSolutionNode = FALSE
	EndGlobalSection
	GlobalSection(ExtensibilityGlobals) = postSolution
		SolutionGuid = {1EEEF6F9-3B6D-406E-B4A9-60A1C677664E}
	EndGlobalSection
EndGlobal
